
Microsoft Visual Studio Solution File, Format Version 12.00
# Visual Studio Version 16
VisualStudioVersion = 16.0.31729.503
MinimumVisualStudioVersion = 10.0.40219.1
Project("{9A19103F-16F7-4668-BE54-9A1E7A4F7556}") = "eintech.api", "eintech.api.csproj", "{93ED7C5D-3D8A-4B9C-BF5A-3C862216A23A}"
EndProject
Project("{9A19103F-16F7-4668-BE54-9A1E7A4F7556}") = "eintech.domain", "..\eintech.domain\eintech.domain.csproj", "{6F480232-64BD-4CBA-96A2-C8C2B93AC7DB}"
EndProject
Project("{2150E333-8FDC-42A3-9474-1A3956D46DE8}") = "Serverless-MiddleTier", "Serverless-MiddleTier", "{C0BA4FAD-D027-49AA-A140-C51A262E30FB}"
EndProject
Project("{FAE04EC0-301F-11D3-BF4B-00C04F79EFBC}") = "PersonIngest-From-Queue", "..\PersonIngest-From-Queue\PersonIngest-From-Queue.csproj", "{4A12AAEB-0CFE-43AC-A1D9-D727355D4928}"
EndProject
Project("{FAE04EC0-301F-11D3-BF4B-00C04F79EFBC}") = "PersonIngest-From-CosmosDb", "..\PersonIngest-From-CosmosDb\PersonIngest-From-CosmosDb.csproj", "{5B879ACF-417C-4D1E-B0ED-446A7491D233}"
EndProject
Global
	GlobalSection(SolutionConfigurationPlatforms) = preSolution
		Debug|Any CPU = Debug|Any CPU
		Release|Any CPU = Release|Any CPU
	EndGlobalSection
	GlobalSection(ProjectConfigurationPlatforms) = postSolution
		{93ED7C5D-3D8A-4B9C-BF5A-3C862216A23A}.Debug|Any CPU.ActiveCfg = Debug|Any CPU
		{93ED7C5D-3D8A-4B9C-BF5A-3C862216A23A}.Debug|Any CPU.Build.0 = Debug|Any CPU
		{93ED7C5D-3D8A-4B9C-BF5A-3C862216A23A}.Release|Any CPU.ActiveCfg = Release|Any CPU
		{93ED7C5D-3D8A-4B9C-BF5A-3C862216A23A}.Release|Any CPU.Build.0 = Release|Any CPU
		{6F480232-64BD-4CBA-96A2-C8C2B93AC7DB}.Debug|Any CPU.ActiveCfg = Debug|Any CPU
		{6F480232-64BD-4CBA-96A2-C8C2B93AC7DB}.Debug|Any CPU.Build.0 = Debug|Any CPU
		{6F480232-64BD-4CBA-96A2-C8C2B93AC7DB}.Release|Any CPU.ActiveCfg = Release|Any CPU
		{6F480232-64BD-4CBA-96A2-C8C2B93AC7DB}.Release|Any CPU.Build.0 = Release|Any CPU
		{4A12AAEB-0CFE-43AC-A1D9-D727355D4928}.Debug|Any CPU.ActiveCfg = Debug|Any CPU
		{4A12AAEB-0CFE-43AC-A1D9-D727355D4928}.Debug|Any CPU.Build.0 = Debug|Any CPU
		{4A12AAEB-0CFE-43AC-A1D9-D727355D4928}.Release|Any CPU.ActiveCfg = Release|Any CPU
		{4A12AAEB-0CFE-43AC-A1D9-D727355D4928}.Release|Any CPU.Build.0 = Release|Any CPU
		{5B879ACF-417C-4D1E-B0ED-446A7491D233}.Debug|Any CPU.ActiveCfg = Debug|Any CPU
		{5B879ACF-417C-4D1E-B0ED-446A7491D233}.Debug|Any CPU.Build.0 = Debug|Any CPU
		{5B879ACF-417C-4D1E-B0ED-446A7491D233}.Release|Any CPU.ActiveCfg = Release|Any CPU
		{5B879ACF-417C-4D1E-B0ED-446A7491D233}.Release|Any CPU.Build.0 = Release|Any CPU
	EndGlobalSection
	GlobalSection(SolutionProperties) = preSolution
		HideSolutionNode = FALSE
	EndGlobalSection
	GlobalSection(NestedProjects) = preSolution
		{4A12AAEB-0CFE-43AC-A1D9-D727355D4928} = {C0BA4FAD-D027-49AA-A140-C51A262E30FB}
		{5B879ACF-417C-4D1E-B0ED-446A7491D233} = {C0BA4FAD-D027-49AA-A140-C51A262E30FB}
	EndGlobalSection
	GlobalSection(ExtensibilityGlobals) = postSolution
		SolutionGuid = {C22E3348-74D1-427D-8986-F0C61B4934A3}
	EndGlobalSection
EndGlobal
